
Microsoft Visual Studio Solution File, Format Version 12.00
# Visual Studio 2012
Project("{8BC9CEB8-8B4A-11D0-8D11-00A0C91BC942}") = "OpenGL3xTest", "OpenGL3xTest\OpenGL3xTest.vcxproj", "{70EA98F0-F88A-46B0-A4BC-80AE90DD31E6}"
EndProject
Global
	GlobalSection(SolutionConfigurationPlatforms) = preSolution
		Debug|Win32 = Debug|Win32
		Release|Win32 = Release|Win32
	EndGlobalSection
	GlobalSection(ProjectConfigurationPlatforms) = postSolution
		{70EA98F0-F88A-46B0-A4BC-80AE90DD31E6}.Debug|Win32.ActiveCfg = Debug|Win32
		{70EA98F0-F88A-46B0-A4BC-80AE90DD31E6}.Debug|Win32.Build.0 = Debug|Win32
		{70EA98F0-F88A-46B0-A4BC-80AE90DD31E6}.Release|Win32.ActiveCfg = Release|Win32
		{70EA98F0-F88A-46B0-A4BC-80AE90DD31E6}.Release|Win32.Build.0 = Release|Win32
	EndGlobalSection
	GlobalSection(SolutionProperties) = preSolution
		HideSolutionNode = FALSE
	EndGlobalSection
EndGlobal
