
Microsoft Visual Studio Solution File, Format Version 12.00
# Visual Studio 2012
Project("{8BC9CEB8-8B4A-11D0-8D11-00A0C91BC942}") = "OpenGL Test", "OpenGL Test\OpenGL Test.vcxproj", "{AAB63F85-C85A-4DBA-B527-7E46616F2EBE}"
EndProject
Global
	GlobalSection(SolutionConfigurationPlatforms) = preSolution
		Debug|Win32 = Debug|Win32
		Release|Win32 = Release|Win32
	EndGlobalSection
	GlobalSection(ProjectConfigurationPlatforms) = postSolution
		{AAB63F85-C85A-4DBA-B527-7E46616F2EBE}.Debug|Win32.ActiveCfg = Debug|Win32
		{AAB63F85-C85A-4DBA-B527-7E46616F2EBE}.Debug|Win32.Build.0 = Debug|Win32
		{AAB63F85-C85A-4DBA-B527-7E46616F2EBE}.Release|Win32.ActiveCfg = Release|Win32
		{AAB63F85-C85A-4DBA-B527-7E46616F2EBE}.Release|Win32.Build.0 = Release|Win32
	EndGlobalSection
	GlobalSection(SolutionProperties) = preSolution
		HideSolutionNode = FALSE
	EndGlobalSection
EndGlobal
